
Microsoft Visual Studio Solution File, Format Version 12.00
# Visual Studio 14
VisualStudioVersion = 14.0.25420.1
MinimumVisualStudioVersion = 10.0.40219.1
Project("{FAE04EC0-301F-11D3-BF4B-00C04F79EFBC}") = "Apps.Web", "Web\Apps.Web.csproj", "{1B836421-A7B6-43B7-A16B-B9094F9D9F38}"
EndProject
Project("{FAE04EC0-301F-11D3-BF4B-00C04F79EFBC}") = "Apps.Models", "Apps.Models\Apps.Models.csproj", "{DB9B0A0F-1B30-417B-94EE-12C6E7491B80}"
EndProject
Project("{2150E333-8FDC-42A3-9474-1A3956D46DE8}") = "Apps.Base", "Apps.Base", "{B31ED56E-4EBE-4088-A9E5-341AA84C6E3D}"
EndProject
Project("{FAE04EC0-301F-11D3-BF4B-00C04F79EFBC}") = "Apps.BLL", "Apps.BLL\Apps.BLL.csproj", "{5A5BF5C2-880B-4B65-8AE6-86B7F5B9A028}"
EndProject
Project("{FAE04EC0-301F-11D3-BF4B-00C04F79EFBC}") = "Apps.DAL", "Apps.DAL\Apps.DAL.csproj", "{720BA38C-313B-42F7-83E2-46A0C3AD00E7}"
EndProject
Project("{FAE04EC0-301F-11D3-BF4B-00C04F79EFBC}") = "Apps.IBLL", "Apps.IBLL\Apps.IBLL.csproj", "{3F2DCF6A-FC34-48AA-B8DA-6B1DA7D1ACD1}"
EndProject
Project("{FAE04EC0-301F-11D3-BF4B-00C04F79EFBC}") = "Apps.IDAL", "Apps.IDAL\Apps.IDAL.csproj", "{FC9F243E-F3B3-455C-AD85-AB9A7C453988}"
EndProject
Project("{FAE04EC0-301F-11D3-BF4B-00C04F79EFBC}") = "Apps.Common", "Apps.Common\Apps.Common.csproj", "{FDCA86CC-D667-4E2B-A20B-A3D1B14EDCE3}"
EndProject
Project("{FAE04EC0-301F-11D3-BF4B-00C04F79EFBC}") = "Apps.Core", "Apps.Core\Apps.Core.csproj", "{18599948-18CB-4FB0-9D85-49E79EC931F9}"
EndProject
Project("{FAE04EC0-301F-11D3-BF4B-00C04F79EFBC}") = "Apps.Jobs", "Apps.Jobs\Apps.Jobs.csproj", "{61D2D7BA-FEA8-4EA9-B064-249BAAD6CAE3}"
EndProject
Project("{FAE04EC0-301F-11D3-BF4B-00C04F79EFBC}") = "Apps.Locale", "Apps.Locale\Apps.Locale.csproj", "{30CDF0D3-C1CC-4DC7-A213-B6E994BD2A03}"
EndProject
Project("{FAE04EC0-301F-11D3-BF4B-00C04F79EFBC}") = "Apps.WebApi", "Apps.WebApi\Apps.WebApi.csproj", "{3306A3BB-CD11-4725-824D-23F7905D7FC4}"
EndProject
Global
	GlobalSection(SolutionConfigurationPlatforms) = preSolution
		Debug|Any CPU = Debug|Any CPU
		Release|Any CPU = Release|Any CPU
	EndGlobalSection
	GlobalSection(ProjectConfigurationPlatforms) = postSolution
		{1B836421-A7B6-43B7-A16B-B9094F9D9F38}.Debug|Any CPU.ActiveCfg = Debug|Any CPU
		{1B836421-A7B6-43B7-A16B-B9094F9D9F38}.Debug|Any CPU.Build.0 = Debug|Any CPU
		{1B836421-A7B6-43B7-A16B-B9094F9D9F38}.Release|Any CPU.ActiveCfg = Release|Any CPU
		{1B836421-A7B6-43B7-A16B-B9094F9D9F38}.Release|Any CPU.Build.0 = Release|Any CPU
		{DB9B0A0F-1B30-417B-94EE-12C6E7491B80}.Debug|Any CPU.ActiveCfg = Debug|Any CPU
		{DB9B0A0F-1B30-417B-94EE-12C6E7491B80}.Debug|Any CPU.Build.0 = Debug|Any CPU
		{DB9B0A0F-1B30-417B-94EE-12C6E7491B80}.Release|Any CPU.ActiveCfg = Release|Any CPU
		{DB9B0A0F-1B30-417B-94EE-12C6E7491B80}.Release|Any CPU.Build.0 = Release|Any CPU
		{5A5BF5C2-880B-4B65-8AE6-86B7F5B9A028}.Debug|Any CPU.ActiveCfg = Debug|Any CPU
		{5A5BF5C2-880B-4B65-8AE6-86B7F5B9A028}.Debug|Any CPU.Build.0 = Debug|Any CPU
		{5A5BF5C2-880B-4B65-8AE6-86B7F5B9A028}.Release|Any CPU.ActiveCfg = Release|Any CPU
		{5A5BF5C2-880B-4B65-8AE6-86B7F5B9A028}.Release|Any CPU.Build.0 = Release|Any CPU
		{720BA38C-313B-42F7-83E2-46A0C3AD00E7}.Debug|Any CPU.ActiveCfg = Debug|Any CPU
		{720BA38C-313B-42F7-83E2-46A0C3AD00E7}.Debug|Any CPU.Build.0 = Debug|Any CPU
		{720BA38C-313B-42F7-83E2-46A0C3AD00E7}.Release|Any CPU.ActiveCfg = Release|Any CPU
		{720BA38C-313B-42F7-83E2-46A0C3AD00E7}.Release|Any CPU.Build.0 = Release|Any CPU
		{3F2DCF6A-FC34-48AA-B8DA-6B1DA7D1ACD1}.Debug|Any CPU.ActiveCfg = Debug|Any CPU
		{3F2DCF6A-FC34-48AA-B8DA-6B1DA7D1ACD1}.Debug|Any CPU.Build.0 = Debug|Any CPU
		{3F2DCF6A-FC34-48AA-B8DA-6B1DA7D1ACD1}.Release|Any CPU.ActiveCfg = Release|Any CPU
		{3F2DCF6A-FC34-48AA-B8DA-6B1DA7D1ACD1}.Release|Any CPU.Build.0 = Release|Any CPU
		{FC9F243E-F3B3-455C-AD85-AB9A7C453988}.Debug|Any CPU.ActiveCfg = Debug|Any CPU
		{FC9F243E-F3B3-455C-AD85-AB9A7C453988}.Debug|Any CPU.Build.0 = Debug|Any CPU
		{FC9F243E-F3B3-455C-AD85-AB9A7C453988}.Release|Any CPU.ActiveCfg = Release|Any CPU
		{FC9F243E-F3B3-455C-AD85-AB9A7C453988}.Release|Any CPU.Build.0 = Release|Any CPU
		{FDCA86CC-D667-4E2B-A20B-A3D1B14EDCE3}.Debug|Any CPU.ActiveCfg = Debug|Any CPU
		{FDCA86CC-D667-4E2B-A20B-A3D1B14EDCE3}.Debug|Any CPU.Build.0 = Debug|Any CPU
		{FDCA86CC-D667-4E2B-A20B-A3D1B14EDCE3}.Release|Any CPU.ActiveCfg = Release|Any CPU
		{FDCA86CC-D667-4E2B-A20B-A3D1B14EDCE3}.Release|Any CPU.Build.0 = Release|Any CPU
		{18599948-18CB-4FB0-9D85-49E79EC931F9}.Debug|Any CPU.ActiveCfg = Debug|Any CPU
		{18599948-18CB-4FB0-9D85-49E79EC931F9}.Debug|Any CPU.Build.0 = Debug|Any CPU
		{18599948-18CB-4FB0-9D85-49E79EC931F9}.Release|Any CPU.ActiveCfg = Release|Any CPU
		{18599948-18CB-4FB0-9D85-49E79EC931F9}.Release|Any CPU.Build.0 = Release|Any CPU
		{61D2D7BA-FEA8-4EA9-B064-249BAAD6CAE3}.Debug|Any CPU.ActiveCfg = Debug|Any CPU
		{61D2D7BA-FEA8-4EA9-B064-249BAAD6CAE3}.Debug|Any CPU.Build.0 = Debug|Any CPU
		{61D2D7BA-FEA8-4EA9-B064-249BAAD6CAE3}.Release|Any CPU.ActiveCfg = Release|Any CPU
		{61D2D7BA-FEA8-4EA9-B064-249BAAD6CAE3}.Release|Any CPU.Build.0 = Release|Any CPU
		{30CDF0D3-C1CC-4DC7-A213-B6E994BD2A03}.Debug|Any CPU.ActiveCfg = Debug|Any CPU
		{30CDF0D3-C1CC-4DC7-A213-B6E994BD2A03}.Debug|Any CPU.Build.0 = Debug|Any CPU
		{30CDF0D3-C1CC-4DC7-A213-B6E994BD2A03}.Release|Any CPU.ActiveCfg = Release|Any CPU
		{30CDF0D3-C1CC-4DC7-A213-B6E994BD2A03}.Release|Any CPU.Build.0 = Release|Any CPU
		{3306A3BB-CD11-4725-824D-23F7905D7FC4}.Debug|Any CPU.ActiveCfg = Debug|Any CPU
		{3306A3BB-CD11-4725-824D-23F7905D7FC4}.Debug|Any CPU.Build.0 = Debug|Any CPU
		{3306A3BB-CD11-4725-824D-23F7905D7FC4}.Release|Any CPU.ActiveCfg = Release|Any CPU
		{3306A3BB-CD11-4725-824D-23F7905D7FC4}.Release|Any CPU.Build.0 = Release|Any CPU
	EndGlobalSection
	GlobalSection(SolutionProperties) = preSolution
		HideSolutionNode = FALSE
	EndGlobalSection
	GlobalSection(NestedProjects) = preSolution
		{5A5BF5C2-880B-4B65-8AE6-86B7F5B9A028} = {B31ED56E-4EBE-4088-A9E5-341AA84C6E3D}
		{720BA38C-313B-42F7-83E2-46A0C3AD00E7} = {B31ED56E-4EBE-4088-A9E5-341AA84C6E3D}
		{3F2DCF6A-FC34-48AA-B8DA-6B1DA7D1ACD1} = {B31ED56E-4EBE-4088-A9E5-341AA84C6E3D}
		{FC9F243E-F3B3-455C-AD85-AB9A7C453988} = {B31ED56E-4EBE-4088-A9E5-341AA84C6E3D}
	EndGlobalSection
EndGlobal
